
Microsoft Visual Studio Solution File, Format Version 9.00
# Visual Studio 2005
Project("{FAE04EC0-301F-11D3-BF4B-00C04F79EFBC}") = "WindowsApplication00", "WindowsApplication00\WindowsApplication00.csproj", "{191D116C-2ACB-482E-BB18-4712BE39FDCB}"
EndProject
Project("{FAE04EC0-301F-11D3-BF4B-00C04F79EFBC}") = "HelloWorldLib", "ClassLibrary0\HelloWorldLib.csproj", "{2398DB95-DCA5-4FAA-B967-751FC670C054}"
EndProject
Global
	GlobalSection(SolutionConfigurationPlatforms) = preSolution
		Debug|Any CPU = Debug|Any CPU
		Release|Any CPU = Release|Any CPU
	EndGlobalSection
	GlobalSection(ProjectConfigurationPlatforms) = postSolution
		{191D116C-2ACB-482E-BB18-4712BE39FDCB}.Debug|Any CPU.ActiveCfg = Debug|Any CPU
		{191D116C-2ACB-482E-BB18-4712BE39FDCB}.Debug|Any CPU.Build.0 = Debug|Any CPU
		{191D116C-2ACB-482E-BB18-4712BE39FDCB}.Release|Any CPU.ActiveCfg = Release|Any CPU
		{191D116C-2ACB-482E-BB18-4712BE39FDCB}.Release|Any CPU.Build.0 = Release|Any CPU
		{2398DB95-DCA5-4FAA-B967-751FC670C054}.Debug|Any CPU.ActiveCfg = Debug|Any CPU
		{2398DB95-DCA5-4FAA-B967-751FC670C054}.Debug|Any CPU.Build.0 = Debug|Any CPU
		{2398DB95-DCA5-4FAA-B967-751FC670C054}.Release|Any CPU.ActiveCfg = Release|Any CPU
		{2398DB95-DCA5-4FAA-B967-751FC670C054}.Release|Any CPU.Build.0 = Release|Any CPU
	EndGlobalSection
	GlobalSection(SolutionProperties) = preSolution
		HideSolutionNode = FALSE
	EndGlobalSection
EndGlobal
