
Microsoft Visual Studio Solution File, Format Version 9.00
# Visual Studio 2005
Project("{FAE04EC0-301F-11D3-BF4B-00C04F79EFBC}") = "WindowsApplication18", "WindowsApplication18.csproj", "{041C340B-E59A-4C4D-8A2C-781559BA9DBE}"
EndProject
Global
	GlobalSection(SolutionConfigurationPlatforms) = preSolution
		Debug|Any CPU = Debug|Any CPU
		Release|Any CPU = Release|Any CPU
	EndGlobalSection
	GlobalSection(ProjectConfigurationPlatforms) = postSolution
		{041C340B-E59A-4C4D-8A2C-781559BA9DBE}.Debug|Any CPU.ActiveCfg = Debug|Any CPU
		{041C340B-E59A-4C4D-8A2C-781559BA9DBE}.Debug|Any CPU.Build.0 = Debug|Any CPU
		{041C340B-E59A-4C4D-8A2C-781559BA9DBE}.Release|Any CPU.ActiveCfg = Release|Any CPU
		{041C340B-E59A-4C4D-8A2C-781559BA9DBE}.Release|Any CPU.Build.0 = Release|Any CPU
	EndGlobalSection
	GlobalSection(SolutionProperties) = preSolution
		HideSolutionNode = FALSE
	EndGlobalSection
EndGlobal
