
Microsoft Visual Studio Solution File, Format Version 9.00
# Visual Studio 2005
Project("{FAE04EC0-301F-11D3-BF4B-00C04F79EFBC}") = "ClassLibrary1", "ClassLibrary1.csproj", "{D1D34722-1715-4B7A-AA3B-79EE93BA8D99}"
EndProject
Global
	GlobalSection(SolutionConfigurationPlatforms) = preSolution
		Debug|Any CPU = Debug|Any CPU
		Release|Any CPU = Release|Any CPU
	EndGlobalSection
	GlobalSection(ProjectConfigurationPlatforms) = postSolution
		{D1D34722-1715-4B7A-AA3B-79EE93BA8D99}.Debug|Any CPU.ActiveCfg = Debug|Any CPU
		{D1D34722-1715-4B7A-AA3B-79EE93BA8D99}.Debug|Any CPU.Build.0 = Debug|Any CPU
		{D1D34722-1715-4B7A-AA3B-79EE93BA8D99}.Release|Any CPU.ActiveCfg = Release|Any CPU
		{D1D34722-1715-4B7A-AA3B-79EE93BA8D99}.Release|Any CPU.Build.0 = Release|Any CPU
	EndGlobalSection
	GlobalSection(SolutionProperties) = preSolution
		HideSolutionNode = FALSE
	EndGlobalSection
EndGlobal
