
Microsoft Visual Studio Solution File, Format Version 9.00
# Visual Studio 2005
Project("{FAE04EC0-301F-11D3-BF4B-00C04F79EFBC}") = "WindowsApplication22", "WindowsApplication22.csproj", "{283DB6D7-FD98-405D-B12C-C4869C378670}"
EndProject
Global
	GlobalSection(SolutionConfigurationPlatforms) = preSolution
		Debug|Any CPU = Debug|Any CPU
		Release|Any CPU = Release|Any CPU
	EndGlobalSection
	GlobalSection(ProjectConfigurationPlatforms) = postSolution
		{283DB6D7-FD98-405D-B12C-C4869C378670}.Debug|Any CPU.ActiveCfg = Debug|Any CPU
		{283DB6D7-FD98-405D-B12C-C4869C378670}.Debug|Any CPU.Build.0 = Debug|Any CPU
		{283DB6D7-FD98-405D-B12C-C4869C378670}.Release|Any CPU.ActiveCfg = Release|Any CPU
		{283DB6D7-FD98-405D-B12C-C4869C378670}.Release|Any CPU.Build.0 = Release|Any CPU
	EndGlobalSection
	GlobalSection(SolutionProperties) = preSolution
		HideSolutionNode = FALSE
	EndGlobalSection
EndGlobal
